
Microsoft Visual Studio Solution File, Format Version 12.00
# Visual Studio Version 16
VisualStudioVersion = 16.0.30011.22
MinimumVisualStudioVersion = 10.0.40219.1
Project("{2150E333-8FDC-42A3-9474-1A3956D46DE8}") = "src", "src", "{1E8BE572-4759-48AA-BF95-53B53A1D46F6}"
EndProject
Project("{2150E333-8FDC-42A3-9474-1A3956D46DE8}") = "Services", "Services", "{F39CA058-D685-4F4F-B8E1-A5C26D89D4DB}"
EndProject
Project("{2150E333-8FDC-42A3-9474-1A3956D46DE8}") = "JobConfig", "JobConfig", "{C5590C48-0AAC-432F-8C69-519CDC349F9D}"
EndProject
Project("{2150E333-8FDC-42A3-9474-1A3956D46DE8}") = "Dispatching", "Dispatching", "{17257924-07C6-4BC7-A69B-113B18F8C784}"
EndProject
Project("{2150E333-8FDC-42A3-9474-1A3956D46DE8}") = "Cluster", "Cluster", "{928FD813-023D-411E-8BA6-58AC1B1D646D}"
EndProject
Project("{2150E333-8FDC-42A3-9474-1A3956D46DE8}") = "Node", "Node", "{B71DC331-A06D-40DF-B334-EA9EA537A690}"
EndProject
Project("{2150E333-8FDC-42A3-9474-1A3956D46DE8}") = "Web", "Web", "{35B3AAB6-9C94-42D3-9CCB-84431CC2DDBF}"
EndProject
Project("{2150E333-8FDC-42A3-9474-1A3956D46DE8}") = "Dashboard", "Dashboard", "{6D548BB9-2B34-4560-9F4D-2F4FAE08871E}"
EndProject
Project("{2150E333-8FDC-42A3-9474-1A3956D46DE8}") = "Identity", "Identity", "{FBCD7127-490E-4C5B-BAF9-DFD5EE0023C0}"
EndProject
Project("{FAE04EC0-301F-11D3-BF4B-00C04F79EFBC}") = "BatchX.Dispatching.Api", "src\Services\Dispatching\BatchX.Dispatching.Api\BatchX.Dispatching.Api.csproj", "{1010004F-61E5-4BC5-8D8C-B923F0F1A6CA}"
EndProject
Project("{9A19103F-16F7-4668-BE54-9A1E7A4F7556}") = "BatchX.JobConfig.Api", "src\Services\JobConfig\BatchX.JobConfigs.Api\BatchX.JobConfig.Api.csproj", "{88B60D13-8AA0-415D-B8BB-79360FBD3E70}"
EndProject
Global
	GlobalSection(SolutionConfigurationPlatforms) = preSolution
		Debug|Any CPU = Debug|Any CPU
		Release|Any CPU = Release|Any CPU
	EndGlobalSection
	GlobalSection(ProjectConfigurationPlatforms) = postSolution
		{1010004F-61E5-4BC5-8D8C-B923F0F1A6CA}.Debug|Any CPU.ActiveCfg = Debug|Any CPU
		{1010004F-61E5-4BC5-8D8C-B923F0F1A6CA}.Debug|Any CPU.Build.0 = Debug|Any CPU
		{1010004F-61E5-4BC5-8D8C-B923F0F1A6CA}.Release|Any CPU.ActiveCfg = Release|Any CPU
		{1010004F-61E5-4BC5-8D8C-B923F0F1A6CA}.Release|Any CPU.Build.0 = Release|Any CPU
		{88B60D13-8AA0-415D-B8BB-79360FBD3E70}.Debug|Any CPU.ActiveCfg = Debug|Any CPU
		{88B60D13-8AA0-415D-B8BB-79360FBD3E70}.Debug|Any CPU.Build.0 = Debug|Any CPU
		{88B60D13-8AA0-415D-B8BB-79360FBD3E70}.Release|Any CPU.ActiveCfg = Release|Any CPU
		{88B60D13-8AA0-415D-B8BB-79360FBD3E70}.Release|Any CPU.Build.0 = Release|Any CPU
	EndGlobalSection
	GlobalSection(SolutionProperties) = preSolution
		HideSolutionNode = FALSE
	EndGlobalSection
	GlobalSection(NestedProjects) = preSolution
		{F39CA058-D685-4F4F-B8E1-A5C26D89D4DB} = {1E8BE572-4759-48AA-BF95-53B53A1D46F6}
		{C5590C48-0AAC-432F-8C69-519CDC349F9D} = {F39CA058-D685-4F4F-B8E1-A5C26D89D4DB}
		{17257924-07C6-4BC7-A69B-113B18F8C784} = {F39CA058-D685-4F4F-B8E1-A5C26D89D4DB}
		{928FD813-023D-411E-8BA6-58AC1B1D646D} = {F39CA058-D685-4F4F-B8E1-A5C26D89D4DB}
		{B71DC331-A06D-40DF-B334-EA9EA537A690} = {F39CA058-D685-4F4F-B8E1-A5C26D89D4DB}
		{35B3AAB6-9C94-42D3-9CCB-84431CC2DDBF} = {1E8BE572-4759-48AA-BF95-53B53A1D46F6}
		{6D548BB9-2B34-4560-9F4D-2F4FAE08871E} = {35B3AAB6-9C94-42D3-9CCB-84431CC2DDBF}
		{FBCD7127-490E-4C5B-BAF9-DFD5EE0023C0} = {F39CA058-D685-4F4F-B8E1-A5C26D89D4DB}
		{1010004F-61E5-4BC5-8D8C-B923F0F1A6CA} = {17257924-07C6-4BC7-A69B-113B18F8C784}
		{88B60D13-8AA0-415D-B8BB-79360FBD3E70} = {C5590C48-0AAC-432F-8C69-519CDC349F9D}
	EndGlobalSection
	GlobalSection(ExtensibilityGlobals) = postSolution
		SolutionGuid = {02532B47-FED7-4564-8714-F0926D14AC6E}
	EndGlobalSection
EndGlobal
